
Microsoft Visual Studio Solution File, Format Version 12.00
# Visual Studio Version 16
VisualStudioVersion = 16.0.31321.278
MinimumVisualStudioVersion = 10.0.40219.1
Project("{FAE04EC0-301F-11D3-BF4B-00C04F79EFBC}") = "SecureCodeBenchemarkApp", "SecureCodeBenchemarkApp\SecureCodeBenchemarkApp.csproj", "{F62A225A-9B37-49B3-AB8E-3FD7028242E3}"
EndProject
Global
	GlobalSection(SolutionConfigurationPlatforms) = preSolution
		Debug|Any CPU = Debug|Any CPU
		Release|Any CPU = Release|Any CPU
	EndGlobalSection
	GlobalSection(ProjectConfigurationPlatforms) = postSolution
		{F62A225A-9B37-49B3-AB8E-3FD7028242E3}.Debug|Any CPU.ActiveCfg = Debug|Any CPU
		{F62A225A-9B37-49B3-AB8E-3FD7028242E3}.Debug|Any CPU.Build.0 = Debug|Any CPU
		{F62A225A-9B37-49B3-AB8E-3FD7028242E3}.Release|Any CPU.ActiveCfg = Release|Any CPU
		{F62A225A-9B37-49B3-AB8E-3FD7028242E3}.Release|Any CPU.Build.0 = Release|Any CPU
	EndGlobalSection
	GlobalSection(SolutionProperties) = preSolution
		HideSolutionNode = FALSE
	EndGlobalSection
	GlobalSection(ExtensibilityGlobals) = postSolution
		SolutionGuid = {AD906105-9473-4F2C-AAA0-F4739C015018}
	EndGlobalSection
EndGlobal
